
Microsoft Visual Studio Solution File, Format Version 12.00
# Visual Studio 15
VisualStudioVersion = 15.0.28010.2048
MinimumVisualStudioVersion = 10.0.40219.1
Project("{FAE04EC0-301F-11D3-BF4B-00C04F79EFBC}") = "APICreationBreakout", "APICreationBreakout\APICreationBreakout.csproj", "{56D03F91-CB47-4F0A-B84B-DFE4F9195EA8}"
EndProject
Global
	GlobalSection(SolutionConfigurationPlatforms) = preSolution
		Debug|Any CPU = Debug|Any CPU
		Release|Any CPU = Release|Any CPU
	EndGlobalSection
	GlobalSection(ProjectConfigurationPlatforms) = postSolution
		{56D03F91-CB47-4F0A-B84B-DFE4F9195EA8}.Debug|Any CPU.ActiveCfg = Debug|Any CPU
		{56D03F91-CB47-4F0A-B84B-DFE4F9195EA8}.Debug|Any CPU.Build.0 = Debug|Any CPU
		{56D03F91-CB47-4F0A-B84B-DFE4F9195EA8}.Release|Any CPU.ActiveCfg = Release|Any CPU
		{56D03F91-CB47-4F0A-B84B-DFE4F9195EA8}.Release|Any CPU.Build.0 = Release|Any CPU
	EndGlobalSection
	GlobalSection(SolutionProperties) = preSolution
		HideSolutionNode = FALSE
	EndGlobalSection
	GlobalSection(ExtensibilityGlobals) = postSolution
		SolutionGuid = {AC72CCA8-E6D8-45D0-95D4-ECF2AF33B5D4}
	EndGlobalSection
EndGlobal
