
Microsoft Visual Studio Solution File, Format Version 12.00
# Visual Studio 15
VisualStudioVersion = 15.0.27130.2036
MinimumVisualStudioVersion = 10.0.40219.1
Project("{FAE04EC0-301F-11D3-BF4B-00C04F79EFBC}") = "Calculator", "Calculator.csproj", "{4C83D222-551A-42C5-A28F-4FDF461D680C}"
EndProject
Global
	GlobalSection(SolutionConfigurationPlatforms) = preSolution
		Debug|Any CPU = Debug|Any CPU
		Release|Any CPU = Release|Any CPU
	EndGlobalSection
	GlobalSection(ProjectConfigurationPlatforms) = postSolution
		{4C83D222-551A-42C5-A28F-4FDF461D680C}.Debug|Any CPU.ActiveCfg = Debug|Any CPU
		{4C83D222-551A-42C5-A28F-4FDF461D680C}.Debug|Any CPU.Build.0 = Debug|Any CPU
		{4C83D222-551A-42C5-A28F-4FDF461D680C}.Release|Any CPU.ActiveCfg = Release|Any CPU
		{4C83D222-551A-42C5-A28F-4FDF461D680C}.Release|Any CPU.Build.0 = Release|Any CPU
	EndGlobalSection
	GlobalSection(SolutionProperties) = preSolution
		HideSolutionNode = FALSE
	EndGlobalSection
	GlobalSection(ExtensibilityGlobals) = postSolution
		SolutionGuid = {AC51255E-7451-4488-BBC1-EEAB0A7F0409}
	EndGlobalSection
EndGlobal
