
Microsoft Visual Studio Solution File, Format Version 12.00
# Visual Studio 15
VisualStudioVersion = 15.0.26730.10
MinimumVisualStudioVersion = 10.0.40219.1
Project("{FAE04EC0-301F-11D3-BF4B-00C04F79EFBC}") = "BasicLoops", "ForLoop\BasicLoops.csproj", "{44DE8AC1-1697-4371-BAAD-014B47AE8D30}"
EndProject
Global
	GlobalSection(SolutionConfigurationPlatforms) = preSolution
		Debug|Any CPU = Debug|Any CPU
		Release|Any CPU = Release|Any CPU
	EndGlobalSection
	GlobalSection(ProjectConfigurationPlatforms) = postSolution
		{44DE8AC1-1697-4371-BAAD-014B47AE8D30}.Debug|Any CPU.ActiveCfg = Debug|Any CPU
		{44DE8AC1-1697-4371-BAAD-014B47AE8D30}.Debug|Any CPU.Build.0 = Debug|Any CPU
		{44DE8AC1-1697-4371-BAAD-014B47AE8D30}.Release|Any CPU.ActiveCfg = Release|Any CPU
		{44DE8AC1-1697-4371-BAAD-014B47AE8D30}.Release|Any CPU.Build.0 = Release|Any CPU
	EndGlobalSection
	GlobalSection(SolutionProperties) = preSolution
		HideSolutionNode = FALSE
	EndGlobalSection
	GlobalSection(ExtensibilityGlobals) = postSolution
		SolutionGuid = {F6611880-9B05-4F67-9F71-33C93B148FAC}
	EndGlobalSection
EndGlobal
